// !$*UTF8*$!
{
	archiveVersion = 1;
	classes = {
	};
	objectVersion = 50;
	objects = {

/* Begin PBXBuildFile section */
		7D5952092654295400233F8C /* Localizable.strings in Resources */ = {isa = PBXBuildFile; fileRef = 7D59520B2654295400233F8C /* Localizable.strings */; };
		7D59521226542B7100233F8C /* HiveListTableViewCell.swift in Sources */ = {isa = PBXBuildFile; fileRef = 7D59521026542B7100233F8C /* HiveListTableViewCell.swift */; };
		7D59521326542B7100233F8C /* HiveListTableViewCell.xib in Resources */ = {isa = PBXBuildFile; fileRef = 7D59521126542B7100233F8C /* HiveListTableViewCell.xib */; };
		7DEF9154265430B5007AF3B1 /* Hive.swift in Sources */ = {isa = PBXBuildFile; fileRef = 7DEF9153265430B5007AF3B1 /* Hive.swift */; };
		7DEF9158265430EA007AF3B1 /* HiveApiManager.swift in Sources */ = {isa = PBXBuildFile; fileRef = 7DEF9157265430EA007AF3B1 /* HiveApiManager.swift */; };
		C8E94D7B265403A600D6A2A0 /* AppDelegate.swift in Sources */ = {isa = PBXBuildFile; fileRef = C8E94D7A265403A600D6A2A0 /* AppDelegate.swift */; };
		C8E94D7D265403A600D6A2A0 /* SceneDelegate.swift in Sources */ = {isa = PBXBuildFile; fileRef = C8E94D7C265403A600D6A2A0 /* SceneDelegate.swift */; };
		C8E94D7F265403A600D6A2A0 /* HiveListViewController.swift in Sources */ = {isa = PBXBuildFile; fileRef = C8E94D7E265403A600D6A2A0 /* HiveListViewController.swift */; };
		C8E94D82265403A600D6A2A0 /* Main.storyboard in Resources */ = {isa = PBXBuildFile; fileRef = C8E94D80265403A600D6A2A0 /* Main.storyboard */; };
		C8E94D84265403A700D6A2A0 /* Assets.xcassets in Resources */ = {isa = PBXBuildFile; fileRef = C8E94D83265403A700D6A2A0 /* Assets.xcassets */; };
		C8E94D87265403A700D6A2A0 /* LaunchScreen.storyboard in Resources */ = {isa = PBXBuildFile; fileRef = C8E94D85265403A700D6A2A0 /* LaunchScreen.storyboard */; };
/* End PBXBuildFile section */

/* Begin PBXFileReference section */
		7D595201265428D600233F8C /* Base */ = {isa = PBXFileReference; lastKnownFileType = file.storyboard; name = Base; path = Base.lproj/LaunchScreen.storyboard; sourceTree = "<group>"; };
		7D595202265428D600233F8C /* Base */ = {isa = PBXFileReference; lastKnownFileType = file.storyboard; name = Base; path = Base.lproj/Main.storyboard; sourceTree = "<group>"; };
		7D59520A2654295400233F8C /* en */ = {isa = PBXFileReference; lastKnownFileType = text.plist.strings; name = en; path = en.lproj/Localizable.strings; sourceTree = "<group>"; };
		7D59520D2654297300233F8C /* fr-CA */ = {isa = PBXFileReference; lastKnownFileType = text.plist.strings; name = "fr-CA"; path = "fr-CA.lproj/Localizable.strings"; sourceTree = "<group>"; };
		7D59521026542B7100233F8C /* HiveListTableViewCell.swift */ = {isa = PBXFileReference; lastKnownFileType = sourcecode.swift; path = HiveListTableViewCell.swift; sourceTree = "<group>"; };
		7D59521126542B7100233F8C /* HiveListTableViewCell.xib */ = {isa = PBXFileReference; lastKnownFileType = file.xib; path = HiveListTableViewCell.xib; sourceTree = "<group>"; };
		7DEF9153265430B5007AF3B1 /* Hive.swift */ = {isa = PBXFileReference; lastKnownFileType = sourcecode.swift; path = Hive.swift; sourceTree = "<group>"; };
		7DEF9157265430EA007AF3B1 /* HiveApiManager.swift */ = {isa = PBXFileReference; lastKnownFileType = sourcecode.swift; path = HiveApiManager.swift; sourceTree = "<group>"; };
		C8E94D77265403A600D6A2A0 /* NectarTest.app */ = {isa = PBXFileReference; explicitFileType = wrapper.application; includeInIndex = 0; path = NectarTest.app; sourceTree = BUILT_PRODUCTS_DIR; };
		C8E94D7A265403A600D6A2A0 /* AppDelegate.swift */ = {isa = PBXFileReference; lastKnownFileType = sourcecode.swift; path = AppDelegate.swift; sourceTree = "<group>"; };
		C8E94D7C265403A600D6A2A0 /* SceneDelegate.swift */ = {isa = PBXFileReference; lastKnownFileType = sourcecode.swift; path = SceneDelegate.swift; sourceTree = "<group>"; };
		C8E94D7E265403A600D6A2A0 /* HiveListViewController.swift */ = {isa = PBXFileReference; lastKnownFileType = sourcecode.swift; path = HiveListViewController.swift; sourceTree = "<group>"; };
		C8E94D83265403A700D6A2A0 /* Assets.xcassets */ = {isa = PBXFileReference; lastKnownFileType = folder.assetcatalog; path = Assets.xcassets; sourceTree = "<group>"; };
		C8E94D88265403A700D6A2A0 /* Info.plist */ = {isa = PBXFileReference; lastKnownFileType = text.plist.xml; path = Info.plist; sourceTree = "<group>"; };
/* End PBXFileReference section */

/* Begin PBXFrameworksBuildPhase section */
		C8E94D74265403A600D6A2A0 /* Frameworks */ = {
			isa = PBXFrameworksBuildPhase;
			buildActionMask = 2147483647;
			files = (
			);
			runOnlyForDeploymentPostprocessing = 0;
		};
/* End PBXFrameworksBuildPhase section */

/* Begin PBXGroup section */
		7D5951F62654273600233F8C /* Storyboards */ = {
			isa = PBXGroup;
			children = (
				C8E94D85265403A700D6A2A0 /* LaunchScreen.storyboard */,
				C8E94D80265403A600D6A2A0 /* Main.storyboard */,
			);
			path = Storyboards;
			sourceTree = "<group>";
		};
		7D5951F72654275D00233F8C /* Supporting Files */ = {
			isa = PBXGroup;
			children = (
				C8E94D7A265403A600D6A2A0 /* AppDelegate.swift */,
				C8E94D7C265403A600D6A2A0 /* SceneDelegate.swift */,
			);
			path = "Supporting Files";
			sourceTree = "<group>";
		};
		7D5951F82654278E00233F8C /* Features */ = {
			isa = PBXGroup;
			children = (
				7D5951F92654279A00233F8C /* Hive List */,
			);
			path = Features;
			sourceTree = "<group>";
		};
		7D5951F92654279A00233F8C /* Hive List */ = {
			isa = PBXGroup;
			children = (
				C8E94D7E265403A600D6A2A0 /* HiveListViewController.swift */,
			);
			path = "Hive List";
			sourceTree = "<group>";
		};
		7D5951FD2654287400233F8C /* Assets */ = {
			isa = PBXGroup;
			children = (
				C8E94D83265403A700D6A2A0 /* Assets.xcassets */,
				7D59520B2654295400233F8C /* Localizable.strings */,
			);
			path = Assets;
			sourceTree = "<group>";
		};
		7D59520F26542B1C00233F8C /* Cells */ = {
			isa = PBXGroup;
			children = (
				7D59521026542B7100233F8C /* HiveListTableViewCell.swift */,
				7D59521126542B7100233F8C /* HiveListTableViewCell.xib */,
			);
			path = Cells;
			sourceTree = "<group>";
		};
		7DEF914F2654301C007AF3B1 /* API */ = {
			isa = PBXGroup;
			children = (
				7DEF91522654309F007AF3B1 /* Models */,
				7DEF91512654309B007AF3B1 /* Managers */,
			);
			path = API;
			sourceTree = "<group>";
		};
		7DEF91512654309B007AF3B1 /* Managers */ = {
			isa = PBXGroup;
			children = (
				7DEF9157265430EA007AF3B1 /* HiveApiManager.swift */,
			);
			path = Managers;
			sourceTree = "<group>";
		};
		7DEF91522654309F007AF3B1 /* Models */ = {
			isa = PBXGroup;
			children = (
				7DEF9153265430B5007AF3B1 /* Hive.swift */,
			);
			path = Models;
			sourceTree = "<group>";
		};
		C8E94D6E265403A600D6A2A0 = {
			isa = PBXGroup;
			children = (
				C8E94D79265403A600D6A2A0 /* NectarTest */,
				C8E94D78265403A600D6A2A0 /* Products */,
			);
			sourceTree = "<group>";
		};
		C8E94D78265403A600D6A2A0 /* Products */ = {
			isa = PBXGroup;
			children = (
				C8E94D77265403A600D6A2A0 /* NectarTest.app */,
			);
			name = Products;
			sourceTree = "<group>";
		};
		C8E94D79265403A600D6A2A0 /* NectarTest */ = {
			isa = PBXGroup;
			children = (
				7D5951F72654275D00233F8C /* Supporting Files */,
				7D5951F62654273600233F8C /* Storyboards */,
				7D59520F26542B1C00233F8C /* Cells */,
				7D5951F82654278E00233F8C /* Features */,
				7D5951FD2654287400233F8C /* Assets */,
				7DEF914F2654301C007AF3B1 /* API */,
				C8E94D88265403A700D6A2A0 /* Info.plist */,
			);
			path = NectarTest;
			sourceTree = "<group>";
		};
/* End PBXGroup section */

/* Begin PBXNativeTarget section */
		C8E94D76265403A600D6A2A0 /* NectarTest */ = {
			isa = PBXNativeTarget;
			buildConfigurationList = C8E94D8B265403A700D6A2A0 /* Build configuration list for PBXNativeTarget "NectarTest" */;
			buildPhases = (
				C8E94D73265403A600D6A2A0 /* Sources */,
				C8E94D74265403A600D6A2A0 /* Frameworks */,
				C8E94D75265403A600D6A2A0 /* Resources */,
			);
			buildRules = (
			);
			dependencies = (
			);
			name = NectarTest;
			productName = NectarTest;
			productReference = C8E94D77265403A600D6A2A0 /* NectarTest.app */;
			productType = "com.apple.product-type.application";
		};
/* End PBXNativeTarget section */

/* Begin PBXProject section */
		C8E94D6F265403A600D6A2A0 /* Project object */ = {
			isa = PBXProject;
			attributes = {
				LastSwiftUpdateCheck = 1240;
				LastUpgradeCheck = 1240;
				TargetAttributes = {
					C8E94D76265403A600D6A2A0 = {
						CreatedOnToolsVersion = 12.4;
					};
				};
			};
			buildConfigurationList = C8E94D72265403A600D6A2A0 /* Build configuration list for PBXProject "NectarTest" */;
			compatibilityVersion = "Xcode 9.3";
			developmentRegion = en;
			hasScannedForEncodings = 0;
			knownRegions = (
				en,
				Base,
				"fr-CA",
			);
			mainGroup = C8E94D6E265403A600D6A2A0;
			productRefGroup = C8E94D78265403A600D6A2A0 /* Products */;
			projectDirPath = "";
			projectRoot = "";
			targets = (
				C8E94D76265403A600D6A2A0 /* NectarTest */,
			);
		};
/* End PBXProject section */

/* Begin PBXResourcesBuildPhase section */
		C8E94D75265403A600D6A2A0 /* Resources */ = {
			isa = PBXResourcesBuildPhase;
			buildActionMask = 2147483647;
			files = (
				C8E94D87265403A700D6A2A0 /* LaunchScreen.storyboard in Resources */,
				7D59521326542B7100233F8C /* HiveListTableViewCell.xib in Resources */,
				7D5952092654295400233F8C /* Localizable.strings in Resources */,
				C8E94D84265403A700D6A2A0 /* Assets.xcassets in Resources */,
				C8E94D82265403A600D6A2A0 /* Main.storyboard in Resources */,
			);
			runOnlyForDeploymentPostprocessing = 0;
		};
/* End PBXResourcesBuildPhase section */

/* Begin PBXSourcesBuildPhase section */
		C8E94D73265403A600D6A2A0 /* Sources */ = {
			isa = PBXSourcesBuildPhase;
			buildActionMask = 2147483647;
			files = (
				7DEF9158265430EA007AF3B1 /* HiveApiManager.swift in Sources */,
				C8E94D7F265403A600D6A2A0 /* HiveListViewController.swift in Sources */,
				7D59521226542B7100233F8C /* HiveListTableViewCell.swift in Sources */,
				C8E94D7B265403A600D6A2A0 /* AppDelegate.swift in Sources */,
				C8E94D7D265403A600D6A2A0 /* SceneDelegate.swift in Sources */,
				7DEF9154265430B5007AF3B1 /* Hive.swift in Sources */,
			);
			runOnlyForDeploymentPostprocessing = 0;
		};
/* End PBXSourcesBuildPhase section */

/* Begin PBXVariantGroup section */
		7D59520B2654295400233F8C /* Localizable.strings */ = {
			isa = PBXVariantGroup;
			children = (
				7D59520A2654295400233F8C /* en */,
				7D59520D2654297300233F8C /* fr-CA */,
			);
			name = Localizable.strings;
			path = NectarTest/Storyboards;
			sourceTree = SOURCE_ROOT;
		};
		C8E94D80265403A600D6A2A0 /* Main.storyboard */ = {
			isa = PBXVariantGroup;
			children = (
				7D595202265428D600233F8C /* Base */,
			);
			name = Main.storyboard;
			sourceTree = "<group>";
		};
		C8E94D85265403A700D6A2A0 /* LaunchScreen.storyboard */ = {
			isa = PBXVariantGroup;
			children = (
				7D595201265428D600233F8C /* Base */,
			);
			name = LaunchScreen.storyboard;
			sourceTree = "<group>";
		};
/* End PBXVariantGroup section */

/* Begin XCBuildConfiguration section */
		C8E94D89265403A700D6A2A0 /* Debug */ = {
			isa = XCBuildConfiguration;
			buildSettings = {
				ALWAYS_SEARCH_USER_PATHS = NO;
				CLANG_ANALYZER_LOCALIZABILITY_NONLOCALIZED = YES;
				CLANG_ANALYZER_NONNULL = YES;
				CLANG_ANALYZER_NUMBER_OBJECT_CONVERSION = YES_AGGRESSIVE;
				CLANG_CXX_LANGUAGE_STANDARD = "gnu++14";
				CLANG_CXX_LIBRARY = "libc++";
				CLANG_ENABLE_MODULES = YES;
				CLANG_ENABLE_OBJC_ARC = YES;
				CLANG_ENABLE_OBJC_WEAK = YES;
				CLANG_WARN_BLOCK_CAPTURE_AUTORELEASING = YES;
				CLANG_WARN_BOOL_CONVERSION = YES;
				CLANG_WARN_COMMA = YES;
				CLANG_WARN_CONSTANT_CONVERSION = YES;
				CLANG_WARN_DEPRECATED_OBJC_IMPLEMENTATIONS = YES;
				CLANG_WARN_DIRECT_OBJC_ISA_USAGE = YES_ERROR;
				CLANG_WARN_DOCUMENTATION_COMMENTS = YES;
				CLANG_WARN_EMPTY_BODY = YES;
				CLANG_WARN_ENUM_CONVERSION = YES;
				CLANG_WARN_INFINITE_RECURSION = YES;
				CLANG_WARN_INT_CONVERSION = YES;
				CLANG_WARN_NON_LITERAL_NULL_CONVERSION = YES;
				CLANG_WARN_OBJC_IMPLICIT_RETAIN_SELF = YES;
				CLANG_WARN_OBJC_LITERAL_CONVERSION = YES;
				CLANG_WARN_OBJC_ROOT_CLASS = YES_ERROR;
				CLANG_WARN_QUOTED_INCLUDE_IN_FRAMEWORK_HEADER = YES;
				CLANG_WARN_RANGE_LOOP_ANALYSIS = YES;
				CLANG_WARN_STRICT_PROTOTYPES = YES;
				CLANG_WARN_SUSPICIOUS_MOVE = YES;
				CLANG_WARN_UNGUARDED_AVAILABILITY = YES_AGGRESSIVE;
				CLANG_WARN_UNREACHABLE_CODE = YES;
				CLANG_WARN__DUPLICATE_METHOD_MATCH = YES;
				COPY_PHASE_STRIP = NO;
				DEBUG_INFORMATION_FORMAT = dwarf;
				ENABLE_STRICT_OBJC_MSGSEND = YES;
				ENABLE_TESTABILITY = YES;
				GCC_C_LANGUAGE_STANDARD = gnu11;
				GCC_DYNAMIC_NO_PIC = NO;
				GCC_NO_COMMON_BLOCKS = YES;
				GCC_OPTIMIZATION_LEVEL = 0;
				GCC_PREPROCESSOR_DEFINITIONS = (
					"DEBUG=1",
					"$(inherited)",
				);
				GCC_WARN_64_TO_32_BIT_CONVERSION = YES;
				GCC_WARN_ABOUT_RETURN_TYPE = YES_ERROR;
				GCC_WARN_UNDECLARED_SELECTOR = YES;
				GCC_WARN_UNINITIALIZED_AUTOS = YES_AGGRESSIVE;
				GCC_WARN_UNUSED_FUNCTION = YES;
				GCC_WARN_UNUSED_VARIABLE = YES;
				IPHONEOS_DEPLOYMENT_TARGET = 14.4;
				MTL_ENABLE_DEBUG_INFO = INCLUDE_SOURCE;
				MTL_FAST_MATH = YES;
				ONLY_ACTIVE_ARCH = YES;
				SDKROOT = iphoneos;
				SWIFT_ACTIVE_COMPILATION_CONDITIONS = DEBUG;
				SWIFT_OPTIMIZATION_LEVEL = "-Onone";
			};
			name = Debug;
		};
		C8E94D8A265403A700D6A2A0 /* Release */ = {
			isa = XCBuildConfiguration;
			buildSettings = {
				ALWAYS_SEARCH_USER_PATHS = NO;
				CLANG_ANALYZER_LOCALIZABILITY_NONLOCALIZED = YES;
				CLANG_ANALYZER_NONNULL = YES;
				CLANG_ANALYZER_NUMBER_OBJECT_CONVERSION = YES_AGGRESSIVE;
				CLANG_CXX_LANGUAGE_STANDARD = "gnu++14";
				CLANG_CXX_LIBRARY = "libc++";
				CLANG_ENABLE_MODULES = YES;
				CLANG_ENABLE_OBJC_ARC = YES;
				CLANG_ENABLE_OBJC_WEAK = YES;
				CLANG_WARN_BLOCK_CAPTURE_AUTORELEASING = YES;
				CLANG_WARN_BOOL_CONVERSION = YES;
				CLANG_WARN_COMMA = YES;
				CLANG_WARN_CONSTANT_CONVERSION = YES;
				CLANG_WARN_DEPRECATED_OBJC_IMPLEMENTATIONS = YES;
				CLANG_WARN_DIRECT_OBJC_ISA_USAGE = YES_ERROR;
				CLANG_WARN_DOCUMENTATION_COMMENTS = YES;
				CLANG_WARN_EMPTY_BODY = YES;
				CLANG_WARN_ENUM_CONVERSION = YES;
				CLANG_WARN_INFINITE_RECURSION = YES;
				CLANG_WARN_INT_CONVERSION = YES;
				CLANG_WARN_NON_LITERAL_NULL_CONVERSION = YES;
				CLANG_WARN_OBJC_IMPLICIT_RETAIN_SELF = YES;
				CLANG_WARN_OBJC_LITERAL_CONVERSION = YES;
				CLANG_WARN_OBJC_ROOT_CLASS = YES_ERROR;
				CLANG_WARN_QUOTED_INCLUDE_IN_FRAMEWORK_HEADER = YES;
				CLANG_WARN_RANGE_LOOP_ANALYSIS = YES;
				CLANG_WARN_STRICT_PROTOTYPES = YES;
				CLANG_WARN_SUSPICIOUS_MOVE = YES;
				CLANG_WARN_UNGUARDED_AVAILABILITY = YES_AGGRESSIVE;
				CLANG_WARN_UNREACHABLE_CODE = YES;
				CLANG_WARN__DUPLICATE_METHOD_MATCH = YES;
				COPY_PHASE_STRIP = NO;
				DEBUG_INFORMATION_FORMAT = "dwarf-with-dsym";
				ENABLE_NS_ASSERTIONS = NO;
				ENABLE_STRICT_OBJC_MSGSEND = YES;
				GCC_C_LANGUAGE_STANDARD = gnu11;
				GCC_NO_COMMON_BLOCKS = YES;
				GCC_WARN_64_TO_32_BIT_CONVERSION = YES;
				GCC_WARN_ABOUT_RETURN_TYPE = YES_ERROR;
				GCC_WARN_UNDECLARED_SELECTOR = YES;
				GCC_WARN_UNINITIALIZED_AUTOS = YES_AGGRESSIVE;
				GCC_WARN_UNUSED_FUNCTION = YES;
				GCC_WARN_UNUSED_VARIABLE = YES;
				IPHONEOS_DEPLOYMENT_TARGET = 14.4;
				MTL_ENABLE_DEBUG_INFO = NO;
				MTL_FAST_MATH = YES;
				SDKROOT = iphoneos;
				SWIFT_COMPILATION_MODE = wholemodule;
				SWIFT_OPTIMIZATION_LEVEL = "-O";
				VALIDATE_PRODUCT = YES;
			};
			name = Release;
		};
		C8E94D8C265403A700D6A2A0 /* Debug */ = {
			isa = XCBuildConfiguration;
			buildSettings = {
				ASSETCATALOG_COMPILER_APPICON_NAME = AppIcon;
				ASSETCATALOG_COMPILER_GLOBAL_ACCENT_COLOR_NAME = AccentColor;
				CODE_SIGN_STYLE = Automatic;
				DEVELOPMENT_TEAM = "";
				INFOPLIST_FILE = NectarTest/Info.plist;
				IPHONEOS_DEPLOYMENT_TARGET = 14.3;
				LD_RUNPATH_SEARCH_PATHS = (
					"$(inherited)",
					"@executable_path/Frameworks",
				);
				PRODUCT_BUNDLE_IDENTIFIER = com.nectartest.io.NectarTest;
				PRODUCT_NAME = "$(TARGET_NAME)";
				SWIFT_VERSION = 5.0;
				TARGETED_DEVICE_FAMILY = "1,2";
			};
			name = Debug;
		};
		C8E94D8D265403A700D6A2A0 /* Release */ = {
			isa = XCBuildConfiguration;
			buildSettings = {
				ASSETCATALOG_COMPILER_APPICON_NAME = AppIcon;
				ASSETCATALOG_COMPILER_GLOBAL_ACCENT_COLOR_NAME = AccentColor;
				CODE_SIGN_STYLE = Automatic;
				DEVELOPMENT_TEAM = "";
				INFOPLIST_FILE = NectarTest/Info.plist;
				IPHONEOS_DEPLOYMENT_TARGET = 14.3;
				LD_RUNPATH_SEARCH_PATHS = (
					"$(inherited)",
					"@executable_path/Frameworks",
				);
				PRODUCT_BUNDLE_IDENTIFIER = com.nectartest.io.NectarTest;
				PRODUCT_NAME = "$(TARGET_NAME)";
				SWIFT_VERSION = 5.0;
				TARGETED_DEVICE_FAMILY = "1,2";
			};
			name = Release;
		};
/* End XCBuildConfiguration section */

/* Begin XCConfigurationList section */
		C8E94D72265403A600D6A2A0 /* Build configuration list for PBXProject "NectarTest" */ = {
			isa = XCConfigurationList;
			buildConfigurations = (
				C8E94D89265403A700D6A2A0 /* Debug */,
				C8E94D8A265403A700D6A2A0 /* Release */,
			);
			defaultConfigurationIsVisible = 0;
			defaultConfigurationName = Release;
		};
		C8E94D8B265403A700D6A2A0 /* Build configuration list for PBXNativeTarget "NectarTest" */ = {
			isa = XCConfigurationList;
			buildConfigurations = (
				C8E94D8C265403A700D6A2A0 /* Debug */,
				C8E94D8D265403A700D6A2A0 /* Release */,
			);
			defaultConfigurationIsVisible = 0;
			defaultConfigurationName = Release;
		};
/* End XCConfigurationList section */
	};
	rootObject = C8E94D6F265403A600D6A2A0 /* Project object */;
}
